
Microsoft Visual Studio Solution File, Format Version 12.00
# Visual Studio Version 17
VisualStudioVersion = 17.14.36121.58 d17.14
MinimumVisualStudioVersion = 10.0.40219.1
Project("{FAE04EC0-301F-11D3-BF4B-00C04F79EFBC}") = "Binary Tree Implementation", "Binary Tree Implementation.csproj", "{9994EE39-3210-403C-93D5-7562A3C904AA}"
EndProject
Global
	GlobalSection(SolutionConfigurationPlatforms) = preSolution
		Debug|Any CPU = Debug|Any CPU
		Release|Any CPU = Release|Any CPU
	EndGlobalSection
	GlobalSection(ProjectConfigurationPlatforms) = postSolution
		{9994EE39-3210-403C-93D5-7562A3C904AA}.Debug|Any CPU.ActiveCfg = Debug|Any CPU
		{9994EE39-3210-403C-93D5-7562A3C904AA}.Debug|Any CPU.Build.0 = Debug|Any CPU
		{9994EE39-3210-403C-93D5-7562A3C904AA}.Release|Any CPU.ActiveCfg = Release|Any CPU
		{9994EE39-3210-403C-93D5-7562A3C904AA}.Release|Any CPU.Build.0 = Release|Any CPU
	EndGlobalSection
	GlobalSection(SolutionProperties) = preSolution
		HideSolutionNode = FALSE
	EndGlobalSection
	GlobalSection(ExtensibilityGlobals) = postSolution
		SolutionGuid = {586D6527-BA03-410D-B0C0-7E3328865873}
	EndGlobalSection
EndGlobal
